# This file is automatically @generated by Poetry 1.5.1 and should not be changed by hand.

[[package]]
name = "hexdump"
version = "3.3"
description = "dump binary data to hex format and restore from there"
optional = false
python-versions = "*"
files = [
    {file = "hexdump-3.3.zip", hash = "sha256:d781a43b0c16ace3f9366aade73e8ad3a7bd5137d58f0b45ab2d3f54876f20db"},
]

[metadata]
lock-version = "2.0"
python-versions = "^3.11"
content-hash = "ab02b481365bbe2fadd3e7d6f125d8d49e2c464ba49c7ea4ecb9920982d6c2d3"
